
Microsoft Visual Studio Solution File, Format Version 12.00
# Visual Studio Version 16
VisualStudioVersion = 16.0.28803.352
MinimumVisualStudioVersion = 10.0.40219.1
Project("{F184B08F-C81C-45F6-A57F-5ABD9991F28F}") = "ProServMS", "ProServMS.vbproj", "{6C4E6F0A-67F4-493A-9406-815645CA0FA1}"
EndProject
Global
	GlobalSection(SolutionConfigurationPlatforms) = preSolution
		Debug|x86 = Debug|x86
		Release|x86 = Release|x86
	EndGlobalSection
	GlobalSection(ProjectConfigurationPlatforms) = postSolution
		{6C4E6F0A-67F4-493A-9406-815645CA0FA1}.Debug|x86.ActiveCfg = Debug|x86
		{6C4E6F0A-67F4-493A-9406-815645CA0FA1}.Debug|x86.Build.0 = Debug|x86
		{6C4E6F0A-67F4-493A-9406-815645CA0FA1}.Release|x86.ActiveCfg = Release|x86
		{6C4E6F0A-67F4-493A-9406-815645CA0FA1}.Release|x86.Build.0 = Release|x86
	EndGlobalSection
	GlobalSection(SolutionProperties) = preSolution
		HideSolutionNode = FALSE
	EndGlobalSection
	GlobalSection(ExtensibilityGlobals) = postSolution
		SolutionGuid = {50702976-027B-4A40-AADC-D99BEE7BCB37}
	EndGlobalSection
EndGlobal
